
Microsoft Visual Studio Solution File, Format Version 12.00
# Visual Studio Version 17
VisualStudioVersion = 17.0.31903.59
MinimumVisualStudioVersion = 10.0.40219.1
Project("{FAE04EC0-301F-11D3-BF4B-00C04F79EFBC}") = "Daibitx.Nuxus", "Daibitx.Nuxus\Daibitx.Nuxus.csproj", "{C238C418-A745-4183-8634-0FAF003C877A}"
EndProject
Project("{FAE04EC0-301F-11D3-BF4B-00C04F79EFBC}") = "Daibitx.Nuxus.Hmac", "Daibitx.Nuxus.Hmac\Daibitx.Nuxus.Hmac.csproj", "{5249F16A-F95E-48B3-BBF4-80584BD5E6E6}"
EndProject
Project("{FAE04EC0-301F-11D3-BF4B-00C04F79EFBC}") = "Daibitx.Extension.Modularize", "Daibitx.Extension.Modularize\Daibitx.Extension.Modularize.csproj", "{D013888A-36FC-435A-9CC9-E50D16E8F063}"
EndProject
Global
	GlobalSection(SolutionConfigurationPlatforms) = preSolution
		Debug|Any CPU = Debug|Any CPU
		Release|Any CPU = Release|Any CPU
	EndGlobalSection
	GlobalSection(ProjectConfigurationPlatforms) = postSolution
		{C238C418-A745-4183-8634-0FAF003C877A}.Debug|Any CPU.ActiveCfg = Debug|Any CPU
		{C238C418-A745-4183-8634-0FAF003C877A}.Debug|Any CPU.Build.0 = Debug|Any CPU
		{C238C418-A745-4183-8634-0FAF003C877A}.Release|Any CPU.ActiveCfg = Release|Any CPU
		{C238C418-A745-4183-8634-0FAF003C877A}.Release|Any CPU.Build.0 = Release|Any CPU
		{5249F16A-F95E-48B3-BBF4-80584BD5E6E6}.Debug|Any CPU.ActiveCfg = Debug|Any CPU
		{5249F16A-F95E-48B3-BBF4-80584BD5E6E6}.Debug|Any CPU.Build.0 = Debug|Any CPU
		{5249F16A-F95E-48B3-BBF4-80584BD5E6E6}.Release|Any CPU.ActiveCfg = Release|Any CPU
		{5249F16A-F95E-48B3-BBF4-80584BD5E6E6}.Release|Any CPU.Build.0 = Release|Any CPU
		{D013888A-36FC-435A-9CC9-E50D16E8F063}.Debug|Any CPU.ActiveCfg = Debug|Any CPU
		{D013888A-36FC-435A-9CC9-E50D16E8F063}.Debug|Any CPU.Build.0 = Debug|Any CPU
		{D013888A-36FC-435A-9CC9-E50D16E8F063}.Release|Any CPU.ActiveCfg = Release|Any CPU
		{D013888A-36FC-435A-9CC9-E50D16E8F063}.Release|Any CPU.Build.0 = Release|Any CPU
	EndGlobalSection
	GlobalSection(SolutionProperties) = preSolution
		HideSolutionNode = FALSE
	EndGlobalSection
	GlobalSection(ExtensibilityGlobals) = postSolution
		SolutionGuid = {B1562C7C-E77D-4DE4-BE55-E5C16DF53D07}
	EndGlobalSection
EndGlobal
