Microsoft Visual Studio Solution File, Format Version 12.00
# Visual Studio Version 17
VisualStudioVersion = 17.5.2.0
MinimumVisualStudioVersion = 10.0.40219.1
Project("{FAE04EC0-301F-11D3-BF4B-00C04F79EFBC}") = "Daibitx.Captcha", "Daibitx.Captcha.csproj", "{B849E0E2-F917-5BB8-67AC-23CD9D62FB24}"
EndProject
Global
	GlobalSection(SolutionConfigurationPlatforms) = preSolution
		Debug|Any CPU = Debug|Any CPU
		Release|Any CPU = Release|Any CPU
	EndGlobalSection
	GlobalSection(ProjectConfigurationPlatforms) = postSolution
		{B849E0E2-F917-5BB8-67AC-23CD9D62FB24}.Debug|Any CPU.ActiveCfg = Debug|Any CPU
		{B849E0E2-F917-5BB8-67AC-23CD9D62FB24}.Debug|Any CPU.Build.0 = Debug|Any CPU
		{B849E0E2-F917-5BB8-67AC-23CD9D62FB24}.Release|Any CPU.ActiveCfg = Release|Any CPU
		{B849E0E2-F917-5BB8-67AC-23CD9D62FB24}.Release|Any CPU.Build.0 = Release|Any CPU
	EndGlobalSection
	GlobalSection(SolutionProperties) = preSolution
		HideSolutionNode = FALSE
	EndGlobalSection
	GlobalSection(ExtensibilityGlobals) = postSolution
		SolutionGuid = {8CD28FD0-F33B-47D9-8682-0D8CB29EC5C8}
	EndGlobalSection
EndGlobal
